
Microsoft Visual Studio Solution File, Format Version 12.00
# Visual Studio Version 17
VisualStudioVersion = 17.8.34330.188
MinimumVisualStudioVersion = 10.0.40219.1
Project("{FAE04EC0-301F-11D3-BF4B-00C04F79EFBC}") = "FinancialTradingPlatformApplication", "FinancialTradingPlatformApplication\FinancialTradingPlatformApplication.csproj", "{8C18DA6A-7380-4258-94EB-FD079B195ABF}"
EndProject
Global
	GlobalSection(SolutionConfigurationPlatforms) = preSolution
		Debug|Any CPU = Debug|Any CPU
		Release|Any CPU = Release|Any CPU
	EndGlobalSection
	GlobalSection(ProjectConfigurationPlatforms) = postSolution
		{8C18DA6A-7380-4258-94EB-FD079B195ABF}.Debug|Any CPU.ActiveCfg = Debug|Any CPU
		{8C18DA6A-7380-4258-94EB-FD079B195ABF}.Debug|Any CPU.Build.0 = Debug|Any CPU
		{8C18DA6A-7380-4258-94EB-FD079B195ABF}.Release|Any CPU.ActiveCfg = Release|Any CPU
		{8C18DA6A-7380-4258-94EB-FD079B195ABF}.Release|Any CPU.Build.0 = Release|Any CPU
	EndGlobalSection
	GlobalSection(SolutionProperties) = preSolution
		HideSolutionNode = FALSE
	EndGlobalSection
	GlobalSection(ExtensibilityGlobals) = postSolution
		SolutionGuid = {0F308F87-AD53-407B-BF8E-1098B54969CC}
	EndGlobalSection
EndGlobal
